
Microsoft Visual Studio Solution File, Format Version 12.00
# Visual Studio Version 16
VisualStudioVersion = 16.0.32901.82
MinimumVisualStudioVersion = 10.0.40219.1
Project("{9A19103F-16F7-4668-BE54-9A1E7A4F7556}") = "J4ssecurity", "J4ssecurity\J4ssecurity.csproj", "{7F6E4C38-1960-479C-84EB-4E93BCAD3EA0}"
EndProject
Project("{FAE04EC0-301F-11D3-BF4B-00C04F79EFBC}") = "J4Security.Models", "J4Security.Models\J4Security.Models.csproj", "{12F60994-347B-4965-A3D4-9A0B1E25207A}"
EndProject
Project("{FAE04EC0-301F-11D3-BF4B-00C04F79EFBC}") = "J4Security.Services", "J4Security.Services\J4Security.Services.csproj", "{C853E373-F59A-4837-841D-32457143C004}"
EndProject
Global
	GlobalSection(SolutionConfigurationPlatforms) = preSolution
		Debug|Any CPU = Debug|Any CPU
		Release|Any CPU = Release|Any CPU
	EndGlobalSection
	GlobalSection(ProjectConfigurationPlatforms) = postSolution
		{7F6E4C38-1960-479C-84EB-4E93BCAD3EA0}.Debug|Any CPU.ActiveCfg = Debug|Any CPU
		{7F6E4C38-1960-479C-84EB-4E93BCAD3EA0}.Debug|Any CPU.Build.0 = Debug|Any CPU
		{7F6E4C38-1960-479C-84EB-4E93BCAD3EA0}.Release|Any CPU.ActiveCfg = Release|Any CPU
		{7F6E4C38-1960-479C-84EB-4E93BCAD3EA0}.Release|Any CPU.Build.0 = Release|Any CPU
		{12F60994-347B-4965-A3D4-9A0B1E25207A}.Debug|Any CPU.ActiveCfg = Debug|Any CPU
		{12F60994-347B-4965-A3D4-9A0B1E25207A}.Debug|Any CPU.Build.0 = Debug|Any CPU
		{12F60994-347B-4965-A3D4-9A0B1E25207A}.Release|Any CPU.ActiveCfg = Release|Any CPU
		{12F60994-347B-4965-A3D4-9A0B1E25207A}.Release|Any CPU.Build.0 = Release|Any CPU
		{C853E373-F59A-4837-841D-32457143C004}.Debug|Any CPU.ActiveCfg = Debug|Any CPU
		{C853E373-F59A-4837-841D-32457143C004}.Debug|Any CPU.Build.0 = Debug|Any CPU
		{C853E373-F59A-4837-841D-32457143C004}.Release|Any CPU.ActiveCfg = Release|Any CPU
		{C853E373-F59A-4837-841D-32457143C004}.Release|Any CPU.Build.0 = Release|Any CPU
	EndGlobalSection
	GlobalSection(SolutionProperties) = preSolution
		HideSolutionNode = FALSE
	EndGlobalSection
	GlobalSection(ExtensibilityGlobals) = postSolution
		SolutionGuid = {BEBA6FA2-9802-4035-9085-9C7D3D7F6569}
	EndGlobalSection
EndGlobal
